
Microsoft Visual Studio Solution File, Format Version 12.00
# Visual Studio Version 17
VisualStudioVersion = 17.14.36414.22 d17.14
MinimumVisualStudioVersion = 10.0.40219.1
Project("{FAE04EC0-301F-11D3-BF4B-00C04F79EFBC}") = "HistorialNavegacion", "HistorialNavegacion.csproj", "{ADBB8EFD-8E47-4776-9ED2-0E830B56509C}"
EndProject
Global
	GlobalSection(SolutionConfigurationPlatforms) = preSolution
		Debug|Any CPU = Debug|Any CPU
		Release|Any CPU = Release|Any CPU
	EndGlobalSection
	GlobalSection(ProjectConfigurationPlatforms) = postSolution
		{ADBB8EFD-8E47-4776-9ED2-0E830B56509C}.Debug|Any CPU.ActiveCfg = Debug|Any CPU
		{ADBB8EFD-8E47-4776-9ED2-0E830B56509C}.Debug|Any CPU.Build.0 = Debug|Any CPU
		{ADBB8EFD-8E47-4776-9ED2-0E830B56509C}.Release|Any CPU.ActiveCfg = Release|Any CPU
		{ADBB8EFD-8E47-4776-9ED2-0E830B56509C}.Release|Any CPU.Build.0 = Release|Any CPU
	EndGlobalSection
	GlobalSection(SolutionProperties) = preSolution
		HideSolutionNode = FALSE
	EndGlobalSection
	GlobalSection(ExtensibilityGlobals) = postSolution
		SolutionGuid = {858F698C-AE40-4EFB-9881-DE14D9C2BA06}
	EndGlobalSection
EndGlobal
